{
    "_readme": [
        "This file locks the dependencies of your project to a known state",
        "Read more about it at https://getcomposer.org/doc/01-basic-usage.md#installing-dependencies",
        "This file is @generated automatically"
    ],
    "content-hash": "9025970ce58bf51e17c598d8689a6550",
    "packages": [
        {
            "name": "symfony/thanks",
            "version": "v1.2.9",
            "source": {
                "type": "git",
                "url": "https://github.com/symfony/thanks.git",
                "reference": "733cc7b8c09a06c9251bd35d772b453b47d98442"
            },
            "dist": {
                "type": "zip",
                "url": "https://api.github.com/repos/symfony/thanks/zipball/733cc7b8c09a06c9251bd35d772b453b47d98442",
                "reference": "733cc7b8c09a06c9251bd35d772b453b47d98442",
                "shasum": ""
            },
            "require": {
                "composer-plugin-api": "^1.0|^2.0",
                "php": "^5.5.9|^7.0.0"
            },
            "type": "composer-plugin",
            "extra": {
                "branch-alias": {
                    "dev-master": "1.2-dev"
                },
                "class": "Symfony\\Thanks\\Thanks"
            },
            "autoload": {
                "psr-4": {
                    "Symfony\\Thanks\\": "src"
                }
            },
            "notification-url": "https://packagist.org/downloads/",
            "license": [
                "MIT"
            ],
            "authors": [
                {
                    "name": "Nicolas Grekas",
                    "email": "p@tchwork.com"
                }
            ],
            "description": "Encourages sending ⭐ and 💵 to fellow PHP package maintainers (not limited to Symfony components)!",
            "time": "2020-06-23T10:36:34+00:00"
        }
    ],
    "packages-dev": [],
    "aliases": [],
    "minimum-stability": "stable",
    "stability-flags": [],
    "prefer-stable": false,
    "prefer-lowest": false,
    "platform": [],
    "platform-dev": []
}
